
Microsoft Visual Studio Solution File, Format Version 12.00
# Visual Studio Version 17
VisualStudioVersion = 17.9.34728.123
MinimumVisualStudioVersion = 10.0.40219.1
Project("{FAE04EC0-301F-11D3-BF4B-00C04F79EFBC}") = "InsertionSortImplementation", "InsertionSortImplementation\InsertionSortImplementation.csproj", "{6E9BC9C4-57DF-4BC4-94B9-871A94E4FB3D}"
EndProject
Global
	GlobalSection(SolutionConfigurationPlatforms) = preSolution
		Debug|Any CPU = Debug|Any CPU
		Release|Any CPU = Release|Any CPU
	EndGlobalSection
	GlobalSection(ProjectConfigurationPlatforms) = postSolution
		{6E9BC9C4-57DF-4BC4-94B9-871A94E4FB3D}.Debug|Any CPU.ActiveCfg = Debug|Any CPU
		{6E9BC9C4-57DF-4BC4-94B9-871A94E4FB3D}.Debug|Any CPU.Build.0 = Debug|Any CPU
		{6E9BC9C4-57DF-4BC4-94B9-871A94E4FB3D}.Release|Any CPU.ActiveCfg = Release|Any CPU
		{6E9BC9C4-57DF-4BC4-94B9-871A94E4FB3D}.Release|Any CPU.Build.0 = Release|Any CPU
	EndGlobalSection
	GlobalSection(SolutionProperties) = preSolution
		HideSolutionNode = FALSE
	EndGlobalSection
	GlobalSection(ExtensibilityGlobals) = postSolution
		SolutionGuid = {B3407F96-257A-4A9E-8C3B-8273E56EBF06}
	EndGlobalSection
EndGlobal
